// !$*UTF8*$!
{
	archiveVersion = 1;
	classes = {
	};
	objectVersion = 77;
	objects = {

/* Begin PBXContainerItemProxy section */
		A358FFBA2FE1780A00CFB048 /* PBXContainerItemProxy */ = {
			isa = PBXContainerItemProxy;
			containerPortal = A358FFA42FE1780600CFB048 /* Project object */;
			proxyType = 1;
			remoteGlobalIDString = A358FFAB2FE1780600CFB048;
			remoteInfo = JobFinder;
		};
		A358FFC42FE1780A00CFB048 /* PBXContainerItemProxy */ = {
			isa = PBXContainerItemProxy;
			containerPortal = A358FFA42FE1780600CFB048 /* Project object */;
			proxyType = 1;
			remoteGlobalIDString = A358FFAB2FE1780600CFB048;
			remoteInfo = JobFinder;
		};
/* End PBXContainerItemProxy section */

/* Begin PBXFileReference section */
		A358FFAC2FE1780600CFB048 /* JobFinder.app */ = {isa = PBXFileReference; explicitFileType = wrapper.application; includeInIndex = 0; path = JobFinder.app; sourceTree = BUILT_PRODUCTS_DIR; };
		A358FFB92FE1780A00CFB048 /* JobFinderTests.xctest */ = {isa = PBXFileReference; explicitFileType = wrapper.cfbundle; includeInIndex = 0; path = JobFinderTests.xctest; sourceTree = BUILT_PRODUCTS_DIR; };
		A358FFC32FE1780A00CFB048 /* JobFinderUITests.xctest */ = {isa = PBXFileReference; explicitFileType = wrapper.cfbundle; includeInIndex = 0; path = JobFinderUITests.xctest; sourceTree = BUILT_PRODUCTS_DIR; };
/* End PBXFileReference section */

/* Begin PBXFileSystemSynchronizedBuildFileExceptionSet section */
		A358000F2FE1A90700CFB048 /* Exceptions for "JobFinder" folder in "JobFinderTests" target */ = {
			isa = PBXFileSystemSynchronizedBuildFileExceptionSet;
			membershipExceptions = (
				Core/Network/APIClientProtocol.swift,
				Core/Network/Endpoint.swift,
				Core/Network/NetworkError.swift,
			);
			target = A358FFB82FE1780A00CFB048 /* JobFinderTests */;
		};
/* End PBXFileSystemSynchronizedBuildFileExceptionSet section */

/* Begin PBXFileSystemSynchronizedRootGroup section */
		A358FFAE2FE1780600CFB048 /* JobFinder */ = {
			isa = PBXFileSystemSynchronizedRootGroup;
			exceptions = (
				A358000F2FE1A90700CFB048 /* Exceptions for "JobFinder" folder in "JobFinderTests" target */,
			);
			path = JobFinder;
			sourceTree = "<group>";
		};
		A358FFBC2FE1780A00CFB048 /* JobFinderTests */ = {
			isa = PBXFileSystemSynchronizedRootGroup;
			path = JobFinderTests;
			sourceTree = "<group>";
		};
		A358FFC62FE1780A00CFB048 /* JobFinderUITests */ = {
			isa = PBXFileSystemSynchronizedRootGroup;
			path = JobFinderUITests;
			sourceTree = "<group>";
		};
/* End PBXFileSystemSynchronizedRootGroup section */

/* Begin PBXFrameworksBuildPhase section */
		A358FFA92FE1780600CFB048 /* Frameworks */ = {
			isa = PBXFrameworksBuildPhase;
			buildActionMask = 2147483647;
			files = (
			);
			runOnlyForDeploymentPostprocessing = 0;
		};
		A358FFB62FE1780A00CFB048 /* Frameworks */ = {
			isa = PBXFrameworksBuildPhase;
			buildActionMask = 2147483647;
			files = (
			);
			runOnlyForDeploymentPostprocessing = 0;
		};
		A358FFC02FE1780A00CFB048 /* Frameworks */ = {
			isa = PBXFrameworksBuildPhase;
			buildActionMask = 2147483647;
			files = (
			);
			runOnlyForDeploymentPostprocessing = 0;
		};
/* End PBXFrameworksBuildPhase section */

/* Begin PBXGroup section */
		A358FFA32FE1780600CFB048 = {
			isa = PBXGroup;
			children = (
				A358FFAE2FE1780600CFB048 /* JobFinder */,
				A358FFBC2FE1780A00CFB048 /* JobFinderTests */,
				A358FFC62FE1780A00CFB048 /* JobFinderUITests */,
				A358FFAD2FE1780600CFB048 /* Products */,
			);
			sourceTree = "<group>";
		};
		A358FFAD2FE1780600CFB048 /* Products */ = {
			isa = PBXGroup;
			children = (
				A358FFAC2FE1780600CFB048 /* JobFinder.app */,
				A358FFB92FE1780A00CFB048 /* JobFinderTests.xctest */,
				A358FFC32FE1780A00CFB048 /* JobFinderUITests.xctest */,
			);
			name = Products;
			sourceTree = "<group>";
		};
/* End PBXGroup section */

/* Begin PBXNativeTarget section */
		A358FFAB2FE1780600CFB048 /* JobFinder */ = {
			isa = PBXNativeTarget;
			buildConfigurationList = A358FFCD2FE1780A00CFB048 /* Build configuration list for PBXNativeTarget "JobFinder" */;
			buildPhases = (
				A358FFA82FE1780600CFB048 /* Sources */,
				A358FFA92FE1780600CFB048 /* Frameworks */,
				A358FFAA2FE1780600CFB048 /* Resources */,
			);
			buildRules = (
			);
			dependencies = (
			);
			fileSystemSynchronizedGroups = (
				A358FFAE2FE1780600CFB048 /* JobFinder */,
			);
			name = JobFinder;
			packageProductDependencies = (
			);
			productName = JobFinder;
			productReference = A358FFAC2FE1780600CFB048 /* JobFinder.app */;
			productType = "com.apple.product-type.application";
		};
		A358FFB82FE1780A00CFB048 /* JobFinderTests */ = {
			isa = PBXNativeTarget;
			buildConfigurationList = A358FFD02FE1780A00CFB048 /* Build configuration list for PBXNativeTarget "JobFinderTests" */;
			buildPhases = (
				A358FFB52FE1780A00CFB048 /* Sources */,
				A358FFB62FE1780A00CFB048 /* Frameworks */,
				A358FFB72FE1780A00CFB048 /* Resources */,
			);
			buildRules = (
			);
			dependencies = (
				A358FFBB2FE1780A00CFB048 /* PBXTargetDependency */,
			);
			fileSystemSynchronizedGroups = (
				A358FFBC2FE1780A00CFB048 /* JobFinderTests */,
			);
			name = JobFinderTests;
			packageProductDependencies = (
			);
			productName = JobFinderTests;
			productReference = A358FFB92FE1780A00CFB048 /* JobFinderTests.xctest */;
			productType = "com.apple.product-type.bundle.unit-test";
		};
		A358FFC22FE1780A00CFB048 /* JobFinderUITests */ = {
			isa = PBXNativeTarget;
			buildConfigurationList = A358FFD32FE1780A00CFB048 /* Build configuration list for PBXNativeTarget "JobFinderUITests" */;
			buildPhases = (
				A358FFBF2FE1780A00CFB048 /* Sources */,
				A358FFC02FE1780A00CFB048 /* Frameworks */,
				A358FFC12FE1780A00CFB048 /* Resources */,
			);
			buildRules = (
			);
			dependencies = (
				A358FFC52FE1780A00CFB048 /* PBXTargetDependency */,
			);
			fileSystemSynchronizedGroups = (
				A358FFC62FE1780A00CFB048 /* JobFinderUITests */,
			);
			name = JobFinderUITests;
			packageProductDependencies = (
			);
			productName = JobFinderUITests;
			productReference = A358FFC32FE1780A00CFB048 /* JobFinderUITests.xctest */;
			productType = "com.apple.product-type.bundle.ui-testing";
		};
/* End PBXNativeTarget section */

/* Begin PBXProject section */
		A358FFA42FE1780600CFB048 /* Project object */ = {
			isa = PBXProject;
			attributes = {
				BuildIndependentTargetsInParallel = 1;
				LastSwiftUpdateCheck = 2650;
				LastUpgradeCheck = 2650;
				TargetAttributes = {
					A358FFAB2FE1780600CFB048 = {
						CreatedOnToolsVersion = 26.5;
					};
					A358FFB82FE1780A00CFB048 = {
						CreatedOnToolsVersion = 26.5;
						TestTargetID = A358FFAB2FE1780600CFB048;
					};
					A358FFC22FE1780A00CFB048 = {
						CreatedOnToolsVersion = 26.5;
						TestTargetID = A358FFAB2FE1780600CFB048;
					};
				};
			};
			buildConfigurationList = A358FFA72FE1780600CFB048 /* Build configuration list for PBXProject "JobFinder" */;
			developmentRegion = en;
			hasScannedForEncodings = 0;
			knownRegions = (
				en,
				Base,
			);
			mainGroup = A358FFA32FE1780600CFB048;
			minimizedProjectReferenceProxies = 1;
			preferredProjectObjectVersion = 77;
			productRefGroup = A358FFAD2FE1780600CFB048 /* Products */;
			projectDirPath = "";
			projectRoot = "";
			targets = (
				A358FFAB2FE1780600CFB048 /* JobFinder */,
				A358FFB82FE1780A00CFB048 /* JobFinderTests */,
				A358FFC22FE1780A00CFB048 /* JobFinderUITests */,
			);
		};
/* End PBXProject section */

/* Begin PBXResourcesBuildPhase section */
		A358FFAA2FE1780600CFB048 /* Resources */ = {
			isa = PBXResourcesBuildPhase;
			buildActionMask = 2147483647;
			files = (
			);
			runOnlyForDeploymentPostprocessing = 0;
		};
		A358FFB72FE1780A00CFB048 /* Resources */ = {
			isa = PBXResourcesBuildPhase;
			buildActionMask = 2147483647;
			files = (
			);
			runOnlyForDeploymentPostprocessing = 0;
		};
		A358FFC12FE1780A00CFB048 /* Resources */ = {
			isa = PBXResourcesBuildPhase;
			buildActionMask = 2147483647;
			files = (
			);
			runOnlyForDeploymentPostprocessing = 0;
		};
/* End PBXResourcesBuildPhase section */

/* Begin PBXSourcesBuildPhase section */
		A358FFA82FE1780600CFB048 /* Sources */ = {
			isa = PBXSourcesBuildPhase;
			buildActionMask = 2147483647;
			files = (
			);
			runOnlyForDeploymentPostprocessing = 0;
		};
		A358FFB52FE1780A00CFB048 /* Sources */ = {
			isa = PBXSourcesBuildPhase;
			buildActionMask = 2147483647;
			files = (
			);
			runOnlyForDeploymentPostprocessing = 0;
		};
		A358FFBF2FE1780A00CFB048 /* Sources */ = {
			isa = PBXSourcesBuildPhase;
			buildActionMask = 2147483647;
			files = (
			);
			runOnlyForDeploymentPostprocessing = 0;
		};
/* End PBXSourcesBuildPhase section */

/* Begin PBXTargetDependency section */
		A358FFBB2FE1780A00CFB048 /* PBXTargetDependency */ = {
			isa = PBXTargetDependency;
			target = A358FFAB2FE1780600CFB048 /* JobFinder */;
			targetProxy = A358FFBA2FE1780A00CFB048 /* PBXContainerItemProxy */;
		};
		A358FFC52FE1780A00CFB048 /* PBXTargetDependency */ = {
			isa = PBXTargetDependency;
			target = A358FFAB2FE1780600CFB048 /* JobFinder */;
			targetProxy = A358FFC42FE1780A00CFB048 /* PBXContainerItemProxy */;
		};
/* End PBXTargetDependency section */

/* Begin XCBuildConfiguration section */
		A358FFCB2FE1780A00CFB048 /* Debug */ = {
			isa = XCBuildConfiguration;
			buildSettings = {
				ALWAYS_SEARCH_USER_PATHS = NO;
				ASSETCATALOG_COMPILER_GENERATE_SWIFT_ASSET_SYMBOL_EXTENSIONS = YES;
				CLANG_ANALYZER_NONNULL = YES;
				CLANG_ANALYZER_NUMBER_OBJECT_CONVERSION = YES_AGGRESSIVE;
				CLANG_CXX_LANGUAGE_STANDARD = "gnu++20";
				CLANG_ENABLE_MODULES = YES;
				CLANG_ENABLE_OBJC_ARC = YES;
				CLANG_ENABLE_OBJC_WEAK = YES;
				CLANG_WARN_BLOCK_CAPTURE_AUTORELEASING = YES;
				CLANG_WARN_BOOL_CONVERSION = YES;
				CLANG_WARN_COMMA = YES;
				CLANG_WARN_CONSTANT_CONVERSION = YES;
				CLANG_WARN_DEPRECATED_OBJC_IMPLEMENTATIONS = YES;
				CLANG_WARN_DIRECT_OBJC_ISA_USAGE = YES_ERROR;
				CLANG_WARN_DOCUMENTATION_COMMENTS = YES;
				CLANG_WARN_EMPTY_BODY = YES;
				CLANG_WARN_ENUM_CONVERSION = YES;
				CLANG_WARN_INFINITE_RECURSION = YES;
				CLANG_WARN_INT_CONVERSION = YES;
				CLANG_WARN_NON_LITERAL_NULL_CONVERSION = YES;
				CLANG_WARN_OBJC_IMPLICIT_RETAIN_SELF = YES;
				CLANG_WARN_OBJC_LITERAL_CONVERSION = YES;
				CLANG_WARN_OBJC_ROOT_CLASS = YES_ERROR;
				CLANG_WARN_QUOTED_INCLUDE_IN_FRAMEWORK_HEADER = YES;
				CLANG_WARN_RANGE_LOOP_ANALYSIS = YES;
				CLANG_WARN_STRICT_PROTOTYPES = YES;
				CLANG_WARN_SUSPICIOUS_MOVE = YES;
				CLANG_WARN_UNGUARDED_AVAILABILITY = YES_AGGRESSIVE;
				CLANG_WARN_UNREACHABLE_CODE = YES;
				CLANG_WARN__DUPLICATE_METHOD_MATCH = YES;
				COPY_PHASE_STRIP = NO;
				DEBUG_INFORMATION_FORMAT = dwarf;
				ENABLE_STRICT_OBJC_MSGSEND = YES;
				ENABLE_TESTABILITY = YES;
				ENABLE_USER_SCRIPT_SANDBOXING = YES;
				GCC_C_LANGUAGE_STANDARD = gnu17;
				GCC_DYNAMIC_NO_PIC = NO;
				GCC_NO_COMMON_BLOCKS = YES;
				GCC_OPTIMIZATION_LEVEL = 0;
				GCC_PREPROCESSOR_DEFINITIONS = (
					"DEBUG=1",
					"$(inherited)",
				);
				GCC_WARN_64_TO_32_BIT_CONVERSION = YES;
				GCC_WARN_ABOUT_RETURN_TYPE = YES_ERROR;
				GCC_WARN_UNDECLARED_SELECTOR = YES;
				GCC_WARN_UNINITIALIZED_AUTOS = YES_AGGRESSIVE;
				GCC_WARN_UNUSED_FUNCTION = YES;
				GCC_WARN_UNUSED_VARIABLE = YES;
				IPHONEOS_DEPLOYMENT_TARGET = 26.5;
				LOCALIZATION_PREFERS_STRING_CATALOGS = YES;
				MTL_ENABLE_DEBUG_INFO = INCLUDE_SOURCE;
				MTL_FAST_MATH = YES;
				ONLY_ACTIVE_ARCH = YES;
				SDKROOT = iphoneos;
				SWIFT_ACTIVE_COMPILATION_CONDITIONS = "DEBUG $(inherited)";
				SWIFT_OPTIMIZATION_LEVEL = "-Onone";
				SWIFT_VERSION = "";
			};
			name = Debug;
		};
		A358FFCC2FE1780A00CFB048 /* Release */ = {
			isa = XCBuildConfiguration;
			buildSettings = {
				ALWAYS_SEARCH_USER_PATHS = NO;
				ASSETCATALOG_COMPILER_GENERATE_SWIFT_ASSET_SYMBOL_EXTENSIONS = YES;
				CLANG_ANALYZER_NONNULL = YES;
				CLANG_ANALYZER_NUMBER_OBJECT_CONVERSION = YES_AGGRESSIVE;
				CLANG_CXX_LANGUAGE_STANDARD = "gnu++20";
				CLANG_ENABLE_MODULES = YES;
				CLANG_ENABLE_OBJC_ARC = YES;
				CLANG_ENABLE_OBJC_WEAK = YES;
				CLANG_WARN_BLOCK_CAPTURE_AUTORELEASING = YES;
				CLANG_WARN_BOOL_CONVERSION = YES;
				CLANG_WARN_COMMA = YES;
				CLANG_WARN_CONSTANT_CONVERSION = YES;
				CLANG_WARN_DEPRECATED_OBJC_IMPLEMENTATIONS = YES;
				CLANG_WARN_DIRECT_OBJC_ISA_USAGE = YES_ERROR;
				CLANG_WARN_DOCUMENTATION_COMMENTS = YES;
				CLANG_WARN_EMPTY_BODY = YES;
				CLANG_WARN_ENUM_CONVERSION = YES;
				CLANG_WARN_INFINITE_RECURSION = YES;
				CLANG_WARN_INT_CONVERSION = YES;
				CLANG_WARN_NON_LITERAL_NULL_CONVERSION = YES;
				CLANG_WARN_OBJC_IMPLICIT_RETAIN_SELF = YES;
				CLANG_WARN_OBJC_LITERAL_CONVERSION = YES;
				CLANG_WARN_OBJC_ROOT_CLASS = YES_ERROR;
				CLANG_WARN_QUOTED_INCLUDE_IN_FRAMEWORK_HEADER = YES;
				CLANG_WARN_RANGE_LOOP_ANALYSIS = YES;
				CLANG_WARN_STRICT_PROTOTYPES = YES;
				CLANG_WARN_SUSPICIOUS_MOVE = YES;
				CLANG_WARN_UNGUARDED_AVAILABILITY = YES_AGGRESSIVE;
				CLANG_WARN_UNREACHABLE_CODE = YES;
				CLANG_WARN__DUPLICATE_METHOD_MATCH = YES;
				COPY_PHASE_STRIP = NO;
				DEBUG_INFORMATION_FORMAT = "dwarf-with-dsym";
				ENABLE_NS_ASSERTIONS = NO;
				ENABLE_STRICT_OBJC_MSGSEND = YES;
				ENABLE_USER_SCRIPT_SANDBOXING = YES;
				GCC_C_LANGUAGE_STANDARD = gnu17;
				GCC_NO_COMMON_BLOCKS = YES;
				GCC_WARN_64_TO_32_BIT_CONVERSION = YES;
				GCC_WARN_ABOUT_RETURN_TYPE = YES_ERROR;
				GCC_WARN_UNDECLARED_SELECTOR = YES;
				GCC_WARN_UNINITIALIZED_AUTOS = YES_AGGRESSIVE;
				GCC_WARN_UNUSED_FUNCTION = YES;
				GCC_WARN_UNUSED_VARIABLE = YES;
				IPHONEOS_DEPLOYMENT_TARGET = 26.5;
				LOCALIZATION_PREFERS_STRING_CATALOGS = YES;
				MTL_ENABLE_DEBUG_INFO = NO;
				MTL_FAST_MATH = YES;
				SDKROOT = iphoneos;
				SWIFT_COMPILATION_MODE = wholemodule;
				SWIFT_VERSION = "";
				VALIDATE_PRODUCT = YES;
			};
			name = Release;
		};
		A358FFCE2FE1780A00CFB048 /* Debug */ = {
			isa = XCBuildConfiguration;
			buildSettings = {
				ASSETCATALOG_COMPILER_APPICON_NAME = AppIcon;
				ASSETCATALOG_COMPILER_GLOBAL_ACCENT_COLOR_NAME = AccentColor;
				CODE_SIGN_STYLE = Automatic;
				CURRENT_PROJECT_VERSION = 1;
				ENABLE_PREVIEWS = YES;
				GENERATE_INFOPLIST_FILE = YES;
				INFOPLIST_KEY_UIApplicationSceneManifest_Generation = YES;
				INFOPLIST_KEY_UIApplicationSupportsIndirectInputEvents = YES;
				INFOPLIST_KEY_UILaunchScreen_Generation = YES;
				INFOPLIST_KEY_UISupportedInterfaceOrientations_iPad = "UIInterfaceOrientationPortrait UIInterfaceOrientationPortraitUpsideDown UIInterfaceOrientationLandscapeLeft UIInterfaceOrientationLandscapeRight";
				INFOPLIST_KEY_UISupportedInterfaceOrientations_iPhone = "UIInterfaceOrientationPortrait UIInterfaceOrientationLandscapeLeft UIInterfaceOrientationLandscapeRight";
				LD_RUNPATH_SEARCH_PATHS = (
					"$(inherited)",
					"@executable_path/Frameworks",
				);
				MARKETING_VERSION = 1.0;
				PRODUCT_BUNDLE_IDENTIFIER = com.JobFinder.JobFinder;
				PRODUCT_NAME = "$(TARGET_NAME)";
				STRING_CATALOG_GENERATE_SYMBOLS = YES;
				SWIFT_APPROACHABLE_CONCURRENCY = YES;
				SWIFT_DEFAULT_ACTOR_ISOLATION = MainActor;
				SWIFT_EMIT_LOC_STRINGS = YES;
				SWIFT_UPCOMING_FEATURE_MEMBER_IMPORT_VISIBILITY = YES;
				SWIFT_VERSION = 5.0;
				TARGETED_DEVICE_FAMILY = "1,2";
			};
			name = Debug;
		};
		A358FFCF2FE1780A00CFB048 /* Release */ = {
			isa = XCBuildConfiguration;
			buildSettings = {
				ASSETCATALOG_COMPILER_APPICON_NAME = AppIcon;
				ASSETCATALOG_COMPILER_GLOBAL_ACCENT_COLOR_NAME = AccentColor;
				CODE_SIGN_STYLE = Automatic;
				CURRENT_PROJECT_VERSION = 1;
				ENABLE_PREVIEWS = YES;
				GENERATE_INFOPLIST_FILE = YES;
				INFOPLIST_KEY_UIApplicationSceneManifest_Generation = YES;
				INFOPLIST_KEY_UIApplicationSupportsIndirectInputEvents = YES;
				INFOPLIST_KEY_UILaunchScreen_Generation = YES;
				INFOPLIST_KEY_UISupportedInterfaceOrientations_iPad = "UIInterfaceOrientationPortrait UIInterfaceOrientationPortraitUpsideDown UIInterfaceOrientationLandscapeLeft UIInterfaceOrientationLandscapeRight";
				INFOPLIST_KEY_UISupportedInterfaceOrientations_iPhone = "UIInterfaceOrientationPortrait UIInterfaceOrientationLandscapeLeft UIInterfaceOrientationLandscapeRight";
				LD_RUNPATH_SEARCH_PATHS = (
					"$(inherited)",
					"@executable_path/Frameworks",
				);
				MARKETING_VERSION = 1.0;
				PRODUCT_BUNDLE_IDENTIFIER = com.JobFinder.JobFinder;
				PRODUCT_NAME = "$(TARGET_NAME)";
				STRING_CATALOG_GENERATE_SYMBOLS = YES;
				SWIFT_APPROACHABLE_CONCURRENCY = YES;
				SWIFT_DEFAULT_ACTOR_ISOLATION = MainActor;
				SWIFT_EMIT_LOC_STRINGS = YES;
				SWIFT_UPCOMING_FEATURE_MEMBER_IMPORT_VISIBILITY = YES;
				SWIFT_VERSION = 5.0;
				TARGETED_DEVICE_FAMILY = "1,2";
			};
			name = Release;
		};
		A358FFD12FE1780A00CFB048 /* Debug */ = {
			isa = XCBuildConfiguration;
			buildSettings = {
				BUNDLE_LOADER = "$(TEST_HOST)";
				CODE_SIGN_STYLE = Automatic;
				CURRENT_PROJECT_VERSION = 1;
				GENERATE_INFOPLIST_FILE = YES;
				IPHONEOS_DEPLOYMENT_TARGET = 26.5;
				MARKETING_VERSION = 1.0;
				PRODUCT_BUNDLE_IDENTIFIER = com.JobFinder.JobFinderTests;
				PRODUCT_NAME = "$(TARGET_NAME)";
				STRING_CATALOG_GENERATE_SYMBOLS = NO;
				SWIFT_APPROACHABLE_CONCURRENCY = YES;
				SWIFT_EMIT_LOC_STRINGS = NO;
				SWIFT_UPCOMING_FEATURE_MEMBER_IMPORT_VISIBILITY = YES;
				SWIFT_VERSION = 5.0;
				TARGETED_DEVICE_FAMILY = "1,2";
				TEST_HOST = "$(BUILT_PRODUCTS_DIR)/JobFinder.app/$(BUNDLE_EXECUTABLE_FOLDER_PATH)/JobFinder";
			};
			name = Debug;
		};
		A358FFD22FE1780A00CFB048 /* Release */ = {
			isa = XCBuildConfiguration;
			buildSettings = {
				BUNDLE_LOADER = "$(TEST_HOST)";
				CODE_SIGN_STYLE = Automatic;
				CURRENT_PROJECT_VERSION = 1;
				GENERATE_INFOPLIST_FILE = YES;
				IPHONEOS_DEPLOYMENT_TARGET = 26.5;
				MARKETING_VERSION = 1.0;
				PRODUCT_BUNDLE_IDENTIFIER = com.JobFinder.JobFinderTests;
				PRODUCT_NAME = "$(TARGET_NAME)";
				STRING_CATALOG_GENERATE_SYMBOLS = NO;
				SWIFT_APPROACHABLE_CONCURRENCY = YES;
				SWIFT_EMIT_LOC_STRINGS = NO;
				SWIFT_UPCOMING_FEATURE_MEMBER_IMPORT_VISIBILITY = YES;
				SWIFT_VERSION = 5.0;
				TARGETED_DEVICE_FAMILY = "1,2";
				TEST_HOST = "$(BUILT_PRODUCTS_DIR)/JobFinder.app/$(BUNDLE_EXECUTABLE_FOLDER_PATH)/JobFinder";
			};
			name = Release;
		};
		A358FFD42FE1780A00CFB048 /* Debug */ = {
			isa = XCBuildConfiguration;
			buildSettings = {
				CODE_SIGN_STYLE = Automatic;
				CURRENT_PROJECT_VERSION = 1;
				GENERATE_INFOPLIST_FILE = YES;
				MARKETING_VERSION = 1.0;
				PRODUCT_BUNDLE_IDENTIFIER = com.JobFinder.JobFinderUITests;
				PRODUCT_NAME = "$(TARGET_NAME)";
				STRING_CATALOG_GENERATE_SYMBOLS = NO;
				SWIFT_APPROACHABLE_CONCURRENCY = YES;
				SWIFT_EMIT_LOC_STRINGS = NO;
				SWIFT_UPCOMING_FEATURE_MEMBER_IMPORT_VISIBILITY = YES;
				SWIFT_VERSION = 5.0;
				TARGETED_DEVICE_FAMILY = "1,2";
				TEST_TARGET_NAME = JobFinder;
			};
			name = Debug;
		};
		A358FFD52FE1780A00CFB048 /* Release */ = {
			isa = XCBuildConfiguration;
			buildSettings = {
				CODE_SIGN_STYLE = Automatic;
				CURRENT_PROJECT_VERSION = 1;
				GENERATE_INFOPLIST_FILE = YES;
				MARKETING_VERSION = 1.0;
				PRODUCT_BUNDLE_IDENTIFIER = com.JobFinder.JobFinderUITests;
				PRODUCT_NAME = "$(TARGET_NAME)";
				STRING_CATALOG_GENERATE_SYMBOLS = NO;
				SWIFT_APPROACHABLE_CONCURRENCY = YES;
				SWIFT_EMIT_LOC_STRINGS = NO;
				SWIFT_UPCOMING_FEATURE_MEMBER_IMPORT_VISIBILITY = YES;
				SWIFT_VERSION = 5.0;
				TARGETED_DEVICE_FAMILY = "1,2";
				TEST_TARGET_NAME = JobFinder;
			};
			name = Release;
		};
/* End XCBuildConfiguration section */

/* Begin XCConfigurationList section */
		A358FFA72FE1780600CFB048 /* Build configuration list for PBXProject "JobFinder" */ = {
			isa = XCConfigurationList;
			buildConfigurations = (
				A358FFCB2FE1780A00CFB048 /* Debug */,
				A358FFCC2FE1780A00CFB048 /* Release */,
			);
			defaultConfigurationIsVisible = 0;
			defaultConfigurationName = Release;
		};
		A358FFCD2FE1780A00CFB048 /* Build configuration list for PBXNativeTarget "JobFinder" */ = {
			isa = XCConfigurationList;
			buildConfigurations = (
				A358FFCE2FE1780A00CFB048 /* Debug */,
				A358FFCF2FE1780A00CFB048 /* Release */,
			);
			defaultConfigurationIsVisible = 0;
			defaultConfigurationName = Release;
		};
		A358FFD02FE1780A00CFB048 /* Build configuration list for PBXNativeTarget "JobFinderTests" */ = {
			isa = XCConfigurationList;
			buildConfigurations = (
				A358FFD12FE1780A00CFB048 /* Debug */,
				A358FFD22FE1780A00CFB048 /* Release */,
			);
			defaultConfigurationIsVisible = 0;
			defaultConfigurationName = Release;
		};
		A358FFD32FE1780A00CFB048 /* Build configuration list for PBXNativeTarget "JobFinderUITests" */ = {
			isa = XCConfigurationList;
			buildConfigurations = (
				A358FFD42FE1780A00CFB048 /* Debug */,
				A358FFD52FE1780A00CFB048 /* Release */,
			);
			defaultConfigurationIsVisible = 0;
			defaultConfigurationName = Release;
		};
/* End XCConfigurationList section */
	};
	rootObject = A358FFA42FE1780600CFB048 /* Project object */;
}
